// !$*UTF8*$!
{
	archiveVersion = 1;
	classes = {
	};
	objectVersion = 55;
	objects = {

/* Begin PBXBuildFile section */
		E05BFC4F273C0527003ECAFC /* LoginUserCaseFactory.swift in Sources */ = {isa = PBXBuildFile; fileRef = E05BFC4E273C0527003ECAFC /* LoginUserCaseFactory.swift */; };
		E05BFC50273C0527003ECAFC /* LoginUserCaseFactory.swift in Sources */ = {isa = PBXBuildFile; fileRef = E05BFC4E273C0527003ECAFC /* LoginUserCaseFactory.swift */; };
		E05BFC52273C053C003ECAFC /* LoginUseCaseFactoryTest.swift in Sources */ = {isa = PBXBuildFile; fileRef = E05BFC51273C053C003ECAFC /* LoginUseCaseFactoryTest.swift */; };
		E05BFC53273C09B1003ECAFC /* LoginPresenter.swift in Sources */ = {isa = PBXBuildFile; fileRef = E076B86327393324002996F6 /* LoginPresenter.swift */; };
		E05BFC54273C09BA003ECAFC /* CrashlyticsLoginTracker.swift in Sources */ = {isa = PBXBuildFile; fileRef = E076B866273933AB002996F6 /* CrashlyticsLoginTracker.swift */; };
		E05BFC55273C09BD003ECAFC /* FirebaseLoginTracker.swift in Sources */ = {isa = PBXBuildFile; fileRef = E076B868273933D9002996F6 /* FirebaseLoginTracker.swift */; };
		E076B83C27391D99002996F6 /* Tests_iOS.swift in Sources */ = {isa = PBXBuildFile; fileRef = E076B83B27391D99002996F6 /* Tests_iOS.swift */; };
		E076B83E27391D99002996F6 /* Tests_iOSLaunchTests.swift in Sources */ = {isa = PBXBuildFile; fileRef = E076B83D27391D99002996F6 /* Tests_iOSLaunchTests.swift */; };
		E076B84B27391D99002996F6 /* LoginCleanArchitectureApp.swift in Sources */ = {isa = PBXBuildFile; fileRef = E076B82327391D98002996F6 /* LoginCleanArchitectureApp.swift */; };
		E076B84C27391D99002996F6 /* LoginCleanArchitectureApp.swift in Sources */ = {isa = PBXBuildFile; fileRef = E076B82327391D98002996F6 /* LoginCleanArchitectureApp.swift */; };
		E076B84D27391D99002996F6 /* ContentView.swift in Sources */ = {isa = PBXBuildFile; fileRef = E076B82427391D98002996F6 /* ContentView.swift */; };
		E076B84E27391D99002996F6 /* ContentView.swift in Sources */ = {isa = PBXBuildFile; fileRef = E076B82427391D98002996F6 /* ContentView.swift */; };
		E076B84F27391D99002996F6 /* Assets.xcassets in Resources */ = {isa = PBXBuildFile; fileRef = E076B82527391D98002996F6 /* Assets.xcassets */; };
		E076B85027391D99002996F6 /* Assets.xcassets in Resources */ = {isa = PBXBuildFile; fileRef = E076B82527391D98002996F6 /* Assets.xcassets */; };
		E076B86127391E91002996F6 /* LoginUseCase.swift in Sources */ = {isa = PBXBuildFile; fileRef = E076B86027391E91002996F6 /* LoginUseCase.swift */; };
		E076B86427393324002996F6 /* LoginPresenter.swift in Sources */ = {isa = PBXBuildFile; fileRef = E076B86327393324002996F6 /* LoginPresenter.swift */; };
		E076B867273933AB002996F6 /* CrashlyticsLoginTracker.swift in Sources */ = {isa = PBXBuildFile; fileRef = E076B866273933AB002996F6 /* CrashlyticsLoginTracker.swift */; };
		E076B869273933D9002996F6 /* FirebaseLoginTracker.swift in Sources */ = {isa = PBXBuildFile; fileRef = E076B868273933D9002996F6 /* FirebaseLoginTracker.swift */; };
		E076B86B273935ED002996F6 /* LoginUserCaseOutputComposerTests.swift in Sources */ = {isa = PBXBuildFile; fileRef = E076B86A273935ED002996F6 /* LoginUserCaseOutputComposerTests.swift */; };
		E076B86E27393764002996F6 /* LoginUseCaseOutputComposer.swift in Sources */ = {isa = PBXBuildFile; fileRef = E076B86D27393764002996F6 /* LoginUseCaseOutputComposer.swift */; };
		E0F5FE0E273AAD43005074B5 /* LoginUseCaseOutputComposer.swift in Sources */ = {isa = PBXBuildFile; fileRef = E076B86D27393764002996F6 /* LoginUseCaseOutputComposer.swift */; };
		E0F5FE0F273AAD62005074B5 /* LoginUseCase.swift in Sources */ = {isa = PBXBuildFile; fileRef = E076B86027391E91002996F6 /* LoginUseCase.swift */; };
/* End PBXBuildFile section */

/* Begin PBXContainerItemProxy section */
		E076B83827391D99002996F6 /* PBXContainerItemProxy */ = {
			isa = PBXContainerItemProxy;
			containerPortal = E076B81E27391D98002996F6 /* Project object */;
			proxyType = 1;
			remoteGlobalIDString = E076B82927391D99002996F6;
			remoteInfo = "LoginCleanArchitecture (iOS)";
		};
/* End PBXContainerItemProxy section */

/* Begin PBXFileReference section */
		E05BFC4E273C0527003ECAFC /* LoginUserCaseFactory.swift */ = {isa = PBXFileReference; lastKnownFileType = sourcecode.swift; path = LoginUserCaseFactory.swift; sourceTree = "<group>"; };
		E05BFC51273C053C003ECAFC /* LoginUseCaseFactoryTest.swift */ = {isa = PBXFileReference; lastKnownFileType = sourcecode.swift; path = LoginUseCaseFactoryTest.swift; sourceTree = "<group>"; };
		E076B82327391D98002996F6 /* LoginCleanArchitectureApp.swift */ = {isa = PBXFileReference; lastKnownFileType = sourcecode.swift; path = LoginCleanArchitectureApp.swift; sourceTree = "<group>"; };
		E076B82427391D98002996F6 /* ContentView.swift */ = {isa = PBXFileReference; lastKnownFileType = sourcecode.swift; path = ContentView.swift; sourceTree = "<group>"; };
		E076B82527391D98002996F6 /* Assets.xcassets */ = {isa = PBXFileReference; lastKnownFileType = folder.assetcatalog; path = Assets.xcassets; sourceTree = "<group>"; };
		E076B82A27391D99002996F6 /* LoginCleanArchitecture.app */ = {isa = PBXFileReference; explicitFileType = wrapper.application; includeInIndex = 0; path = LoginCleanArchitecture.app; sourceTree = BUILT_PRODUCTS_DIR; };
		E076B83027391D99002996F6 /* LoginCleanArchitecture.app */ = {isa = PBXFileReference; explicitFileType = wrapper.application; includeInIndex = 0; path = LoginCleanArchitecture.app; sourceTree = BUILT_PRODUCTS_DIR; };
		E076B83727391D99002996F6 /* Tests iOS.xctest */ = {isa = PBXFileReference; explicitFileType = wrapper.cfbundle; includeInIndex = 0; path = "Tests iOS.xctest"; sourceTree = BUILT_PRODUCTS_DIR; };
		E076B83B27391D99002996F6 /* Tests_iOS.swift */ = {isa = PBXFileReference; lastKnownFileType = sourcecode.swift; path = Tests_iOS.swift; sourceTree = "<group>"; };
		E076B83D27391D99002996F6 /* Tests_iOSLaunchTests.swift */ = {isa = PBXFileReference; lastKnownFileType = sourcecode.swift; path = Tests_iOSLaunchTests.swift; sourceTree = "<group>"; };
		E076B86027391E91002996F6 /* LoginUseCase.swift */ = {isa = PBXFileReference; lastKnownFileType = sourcecode.swift; path = LoginUseCase.swift; sourceTree = "<group>"; };
		E076B86327393324002996F6 /* LoginPresenter.swift */ = {isa = PBXFileReference; lastKnownFileType = sourcecode.swift; path = LoginPresenter.swift; sourceTree = "<group>"; };
		E076B866273933AB002996F6 /* CrashlyticsLoginTracker.swift */ = {isa = PBXFileReference; lastKnownFileType = sourcecode.swift; path = CrashlyticsLoginTracker.swift; sourceTree = "<group>"; };
		E076B868273933D9002996F6 /* FirebaseLoginTracker.swift */ = {isa = PBXFileReference; lastKnownFileType = sourcecode.swift; path = FirebaseLoginTracker.swift; sourceTree = "<group>"; };
		E076B86A273935ED002996F6 /* LoginUserCaseOutputComposerTests.swift */ = {isa = PBXFileReference; lastKnownFileType = sourcecode.swift; path = LoginUserCaseOutputComposerTests.swift; sourceTree = "<group>"; };
		E076B86D27393764002996F6 /* LoginUseCaseOutputComposer.swift */ = {isa = PBXFileReference; lastKnownFileType = sourcecode.swift; path = LoginUseCaseOutputComposer.swift; sourceTree = "<group>"; };
/* End PBXFileReference section */

/* Begin PBXFrameworksBuildPhase section */
		E076B82727391D99002996F6 /* Frameworks */ = {
			isa = PBXFrameworksBuildPhase;
			buildActionMask = 2147483647;
			files = (
			);
			runOnlyForDeploymentPostprocessing = 0;
		};
		E076B82D27391D99002996F6 /* Frameworks */ = {
			isa = PBXFrameworksBuildPhase;
			buildActionMask = 2147483647;
			files = (
			);
			runOnlyForDeploymentPostprocessing = 0;
		};
		E076B83427391D99002996F6 /* Frameworks */ = {
			isa = PBXFrameworksBuildPhase;
			buildActionMask = 2147483647;
			files = (
			);
			runOnlyForDeploymentPostprocessing = 0;
		};
/* End PBXFrameworksBuildPhase section */

/* Begin PBXGroup section */
		E076B81D27391D98002996F6 = {
			isa = PBXGroup;
			children = (
				E076B82227391D98002996F6 /* Shared */,
				E076B83A27391D99002996F6 /* Tests iOS */,
				E076B82B27391D99002996F6 /* Products */,
			);
			sourceTree = "<group>";
		};
		E076B82227391D98002996F6 /* Shared */ = {
			isa = PBXGroup;
			children = (
				E076B86C27393759002996F6 /* Main */,
				E076B86527393389002996F6 /* Analytics */,
				E076B86227393313002996F6 /* UI */,
				E076B85F27391E7D002996F6 /* Business */,
				E076B82327391D98002996F6 /* LoginCleanArchitectureApp.swift */,
				E076B82427391D98002996F6 /* ContentView.swift */,
				E076B82527391D98002996F6 /* Assets.xcassets */,
			);
			path = Shared;
			sourceTree = "<group>";
		};
		E076B82B27391D99002996F6 /* Products */ = {
			isa = PBXGroup;
			children = (
				E076B82A27391D99002996F6 /* LoginCleanArchitecture.app */,
				E076B83027391D99002996F6 /* LoginCleanArchitecture.app */,
				E076B83727391D99002996F6 /* Tests iOS.xctest */,
			);
			name = Products;
			sourceTree = "<group>";
		};
		E076B83A27391D99002996F6 /* Tests iOS */ = {
			isa = PBXGroup;
			children = (
				E076B83B27391D99002996F6 /* Tests_iOS.swift */,
				E076B83D27391D99002996F6 /* Tests_iOSLaunchTests.swift */,
				E076B86A273935ED002996F6 /* LoginUserCaseOutputComposerTests.swift */,
				E05BFC51273C053C003ECAFC /* LoginUseCaseFactoryTest.swift */,
			);
			path = "Tests iOS";
			sourceTree = "<group>";
		};
		E076B85F27391E7D002996F6 /* Business */ = {
			isa = PBXGroup;
			children = (
				E076B86027391E91002996F6 /* LoginUseCase.swift */,
			);
			path = Business;
			sourceTree = "<group>";
		};
		E076B86227393313002996F6 /* UI */ = {
			isa = PBXGroup;
			children = (
				E076B86327393324002996F6 /* LoginPresenter.swift */,
			);
			path = UI;
			sourceTree = "<group>";
		};
		E076B86527393389002996F6 /* Analytics */ = {
			isa = PBXGroup;
			children = (
				E076B866273933AB002996F6 /* CrashlyticsLoginTracker.swift */,
				E076B868273933D9002996F6 /* FirebaseLoginTracker.swift */,
			);
			path = Analytics;
			sourceTree = "<group>";
		};
		E076B86C27393759002996F6 /* Main */ = {
			isa = PBXGroup;
			children = (
				E076B86D27393764002996F6 /* LoginUseCaseOutputComposer.swift */,
				E05BFC4E273C0527003ECAFC /* LoginUserCaseFactory.swift */,
			);
			path = Main;
			sourceTree = "<group>";
		};
/* End PBXGroup section */

/* Begin PBXNativeTarget section */
		E076B82927391D99002996F6 /* LoginCleanArchitecture (iOS) */ = {
			isa = PBXNativeTarget;
			buildConfigurationList = E076B85327391D99002996F6 /* Build configuration list for PBXNativeTarget "LoginCleanArchitecture (iOS)" */;
			buildPhases = (
				E076B82627391D99002996F6 /* Sources */,
				E076B82727391D99002996F6 /* Frameworks */,
				E076B82827391D99002996F6 /* Resources */,
			);
			buildRules = (
			);
			dependencies = (
			);
			name = "LoginCleanArchitecture (iOS)";
			productName = "LoginCleanArchitecture (iOS)";
			productReference = E076B82A27391D99002996F6 /* LoginCleanArchitecture.app */;
			productType = "com.apple.product-type.application";
		};
		E076B82F27391D99002996F6 /* LoginCleanArchitecture (macOS) */ = {
			isa = PBXNativeTarget;
			buildConfigurationList = E076B85627391D99002996F6 /* Build configuration list for PBXNativeTarget "LoginCleanArchitecture (macOS)" */;
			buildPhases = (
				E076B82C27391D99002996F6 /* Sources */,
				E076B82D27391D99002996F6 /* Frameworks */,
				E076B82E27391D99002996F6 /* Resources */,
			);
			buildRules = (
			);
			dependencies = (
			);
			name = "LoginCleanArchitecture (macOS)";
			productName = "LoginCleanArchitecture (macOS)";
			productReference = E076B83027391D99002996F6 /* LoginCleanArchitecture.app */;
			productType = "com.apple.product-type.application";
		};
		E076B83627391D99002996F6 /* Tests iOS */ = {
			isa = PBXNativeTarget;
			buildConfigurationList = E076B85927391D99002996F6 /* Build configuration list for PBXNativeTarget "Tests iOS" */;
			buildPhases = (
				E076B83327391D99002996F6 /* Sources */,
				E076B83427391D99002996F6 /* Frameworks */,
				E076B83527391D99002996F6 /* Resources */,
			);
			buildRules = (
			);
			dependencies = (
				E076B83927391D99002996F6 /* PBXTargetDependency */,
			);
			name = "Tests iOS";
			productName = "Tests iOS";
			productReference = E076B83727391D99002996F6 /* Tests iOS.xctest */;
			productType = "com.apple.product-type.bundle.ui-testing";
		};
/* End PBXNativeTarget section */

/* Begin PBXProject section */
		E076B81E27391D98002996F6 /* Project object */ = {
			isa = PBXProject;
			attributes = {
				BuildIndependentTargetsInParallel = 1;
				LastSwiftUpdateCheck = 1300;
				LastUpgradeCheck = 1300;
				TargetAttributes = {
					E076B82927391D99002996F6 = {
						CreatedOnToolsVersion = 13.0;
					};
					E076B82F27391D99002996F6 = {
						CreatedOnToolsVersion = 13.0;
					};
					E076B83627391D99002996F6 = {
						CreatedOnToolsVersion = 13.0;
						TestTargetID = E076B82927391D99002996F6;
					};
				};
			};
			buildConfigurationList = E076B82127391D98002996F6 /* Build configuration list for PBXProject "LoginCleanArchitecture" */;
			compatibilityVersion = "Xcode 13.0";
			developmentRegion = en;
			hasScannedForEncodings = 0;
			knownRegions = (
				en,
				Base,
			);
			mainGroup = E076B81D27391D98002996F6;
			productRefGroup = E076B82B27391D99002996F6 /* Products */;
			projectDirPath = "";
			projectRoot = "";
			targets = (
				E076B82927391D99002996F6 /* LoginCleanArchitecture (iOS) */,
				E076B82F27391D99002996F6 /* LoginCleanArchitecture (macOS) */,
				E076B83627391D99002996F6 /* Tests iOS */,
			);
		};
/* End PBXProject section */

/* Begin PBXResourcesBuildPhase section */
		E076B82827391D99002996F6 /* Resources */ = {
			isa = PBXResourcesBuildPhase;
			buildActionMask = 2147483647;
			files = (
				E076B84F27391D99002996F6 /* Assets.xcassets in Resources */,
			);
			runOnlyForDeploymentPostprocessing = 0;
		};
		E076B82E27391D99002996F6 /* Resources */ = {
			isa = PBXResourcesBuildPhase;
			buildActionMask = 2147483647;
			files = (
				E076B85027391D99002996F6 /* Assets.xcassets in Resources */,
			);
			runOnlyForDeploymentPostprocessing = 0;
		};
		E076B83527391D99002996F6 /* Resources */ = {
			isa = PBXResourcesBuildPhase;
			buildActionMask = 2147483647;
			files = (
			);
			runOnlyForDeploymentPostprocessing = 0;
		};
/* End PBXResourcesBuildPhase section */

/* Begin PBXSourcesBuildPhase section */
		E076B82627391D99002996F6 /* Sources */ = {
			isa = PBXSourcesBuildPhase;
			buildActionMask = 2147483647;
			files = (
				E076B867273933AB002996F6 /* CrashlyticsLoginTracker.swift in Sources */,
				E05BFC4F273C0527003ECAFC /* LoginUserCaseFactory.swift in Sources */,
				E076B86E27393764002996F6 /* LoginUseCaseOutputComposer.swift in Sources */,
				E076B86427393324002996F6 /* LoginPresenter.swift in Sources */,
				E076B84D27391D99002996F6 /* ContentView.swift in Sources */,
				E076B869273933D9002996F6 /* FirebaseLoginTracker.swift in Sources */,
				E076B84B27391D99002996F6 /* LoginCleanArchitectureApp.swift in Sources */,
				E076B86127391E91002996F6 /* LoginUseCase.swift in Sources */,
			);
			runOnlyForDeploymentPostprocessing = 0;
		};
		E076B82C27391D99002996F6 /* Sources */ = {
			isa = PBXSourcesBuildPhase;
			buildActionMask = 2147483647;
			files = (
				E076B84E27391D99002996F6 /* ContentView.swift in Sources */,
				E076B84C27391D99002996F6 /* LoginCleanArchitectureApp.swift in Sources */,
			);
			runOnlyForDeploymentPostprocessing = 0;
		};
		E076B83327391D99002996F6 /* Sources */ = {
			isa = PBXSourcesBuildPhase;
			buildActionMask = 2147483647;
			files = (
				E05BFC53273C09B1003ECAFC /* LoginPresenter.swift in Sources */,
				E05BFC55273C09BD003ECAFC /* FirebaseLoginTracker.swift in Sources */,
				E0F5FE0E273AAD43005074B5 /* LoginUseCaseOutputComposer.swift in Sources */,
				E05BFC50273C0527003ECAFC /* LoginUserCaseFactory.swift in Sources */,
				E076B86B273935ED002996F6 /* LoginUserCaseOutputComposerTests.swift in Sources */,
				E076B83E27391D99002996F6 /* Tests_iOSLaunchTests.swift in Sources */,
				E076B83C27391D99002996F6 /* Tests_iOS.swift in Sources */,
				E0F5FE0F273AAD62005074B5 /* LoginUseCase.swift in Sources */,
				E05BFC52273C053C003ECAFC /* LoginUseCaseFactoryTest.swift in Sources */,
				E05BFC54273C09BA003ECAFC /* CrashlyticsLoginTracker.swift in Sources */,
			);
			runOnlyForDeploymentPostprocessing = 0;
		};
/* End PBXSourcesBuildPhase section */

/* Begin PBXTargetDependency section */
		E076B83927391D99002996F6 /* PBXTargetDependency */ = {
			isa = PBXTargetDependency;
			target = E076B82927391D99002996F6 /* LoginCleanArchitecture (iOS) */;
			targetProxy = E076B83827391D99002996F6 /* PBXContainerItemProxy */;
		};
/* End PBXTargetDependency section */

/* Begin XCBuildConfiguration section */
		E076B85127391D99002996F6 /* Debug */ = {
			isa = XCBuildConfiguration;
			buildSettings = {
				ALWAYS_SEARCH_USER_PATHS = NO;
				CLANG_ANALYZER_NONNULL = YES;
				CLANG_ANALYZER_NUMBER_OBJECT_CONVERSION = YES_AGGRESSIVE;
				CLANG_CXX_LANGUAGE_STANDARD = "gnu++17";
				CLANG_CXX_LIBRARY = "libc++";
				CLANG_ENABLE_MODULES = YES;
				CLANG_ENABLE_OBJC_ARC = YES;
				CLANG_ENABLE_OBJC_WEAK = YES;
				CLANG_WARN_BLOCK_CAPTURE_AUTORELEASING = YES;
				CLANG_WARN_BOOL_CONVERSION = YES;
				CLANG_WARN_COMMA = YES;
				CLANG_WARN_CONSTANT_CONVERSION = YES;
				CLANG_WARN_DEPRECATED_OBJC_IMPLEMENTATIONS = YES;
				CLANG_WARN_DIRECT_OBJC_ISA_USAGE = YES_ERROR;
				CLANG_WARN_DOCUMENTATION_COMMENTS = YES;
				CLANG_WARN_EMPTY_BODY = YES;
				CLANG_WARN_ENUM_CONVERSION = YES;
				CLANG_WARN_INFINITE_RECURSION = YES;
				CLANG_WARN_INT_CONVERSION = YES;
				CLANG_WARN_NON_LITERAL_NULL_CONVERSION = YES;
				CLANG_WARN_OBJC_IMPLICIT_RETAIN_SELF = YES;
				CLANG_WARN_OBJC_LITERAL_CONVERSION = YES;
				CLANG_WARN_OBJC_ROOT_CLASS = YES_ERROR;
				CLANG_WARN_QUOTED_INCLUDE_IN_FRAMEWORK_HEADER = YES;
				CLANG_WARN_RANGE_LOOP_ANALYSIS = YES;
				CLANG_WARN_STRICT_PROTOTYPES = YES;
				CLANG_WARN_SUSPICIOUS_MOVE = YES;
				CLANG_WARN_UNGUARDED_AVAILABILITY = YES_AGGRESSIVE;
				CLANG_WARN_UNREACHABLE_CODE = YES;
				CLANG_WARN__DUPLICATE_METHOD_MATCH = YES;
				COPY_PHASE_STRIP = NO;
				DEBUG_INFORMATION_FORMAT = dwarf;
				ENABLE_STRICT_OBJC_MSGSEND = YES;
				ENABLE_TESTABILITY = YES;
				GCC_C_LANGUAGE_STANDARD = gnu11;
				GCC_DYNAMIC_NO_PIC = NO;
				GCC_NO_COMMON_BLOCKS = YES;
				GCC_OPTIMIZATION_LEVEL = 0;
				GCC_PREPROCESSOR_DEFINITIONS = (
					"DEBUG=1",
					"$(inherited)",
				);
				GCC_WARN_64_TO_32_BIT_CONVERSION = YES;
				GCC_WARN_ABOUT_RETURN_TYPE = YES_ERROR;
				GCC_WARN_UNDECLARED_SELECTOR = YES;
				GCC_WARN_UNINITIALIZED_AUTOS = YES_AGGRESSIVE;
				GCC_WARN_UNUSED_FUNCTION = YES;
				GCC_WARN_UNUSED_VARIABLE = YES;
				MTL_ENABLE_DEBUG_INFO = INCLUDE_SOURCE;
				MTL_FAST_MATH = YES;
				ONLY_ACTIVE_ARCH = YES;
				SWIFT_ACTIVE_COMPILATION_CONDITIONS = DEBUG;
				SWIFT_OPTIMIZATION_LEVEL = "-Onone";
			};
			name = Debug;
		};
		E076B85227391D99002996F6 /* Release */ = {
			isa = XCBuildConfiguration;
			buildSettings = {
				ALWAYS_SEARCH_USER_PATHS = NO;
				CLANG_ANALYZER_NONNULL = YES;
				CLANG_ANALYZER_NUMBER_OBJECT_CONVERSION = YES_AGGRESSIVE;
				CLANG_CXX_LANGUAGE_STANDARD = "gnu++17";
				CLANG_CXX_LIBRARY = "libc++";
				CLANG_ENABLE_MODULES = YES;
				CLANG_ENABLE_OBJC_ARC = YES;
				CLANG_ENABLE_OBJC_WEAK = YES;
				CLANG_WARN_BLOCK_CAPTURE_AUTORELEASING = YES;
				CLANG_WARN_BOOL_CONVERSION = YES;
				CLANG_WARN_COMMA = YES;
				CLANG_WARN_CONSTANT_CONVERSION = YES;
				CLANG_WARN_DEPRECATED_OBJC_IMPLEMENTATIONS = YES;
				CLANG_WARN_DIRECT_OBJC_ISA_USAGE = YES_ERROR;
				CLANG_WARN_DOCUMENTATION_COMMENTS = YES;
				CLANG_WARN_EMPTY_BODY = YES;
				CLANG_WARN_ENUM_CONVERSION = YES;
				CLANG_WARN_INFINITE_RECURSION = YES;
				CLANG_WARN_INT_CONVERSION = YES;
				CLANG_WARN_NON_LITERAL_NULL_CONVERSION = YES;
				CLANG_WARN_OBJC_IMPLICIT_RETAIN_SELF = YES;
				CLANG_WARN_OBJC_LITERAL_CONVERSION = YES;
				CLANG_WARN_OBJC_ROOT_CLASS = YES_ERROR;
				CLANG_WARN_QUOTED_INCLUDE_IN_FRAMEWORK_HEADER = YES;
				CLANG_WARN_RANGE_LOOP_ANALYSIS = YES;
				CLANG_WARN_STRICT_PROTOTYPES = YES;
				CLANG_WARN_SUSPICIOUS_MOVE = YES;
				CLANG_WARN_UNGUARDED_AVAILABILITY = YES_AGGRESSIVE;
				CLANG_WARN_UNREACHABLE_CODE = YES;
				CLANG_WARN__DUPLICATE_METHOD_MATCH = YES;
				COPY_PHASE_STRIP = NO;
				DEBUG_INFORMATION_FORMAT = "dwarf-with-dsym";
				ENABLE_NS_ASSERTIONS = NO;
				ENABLE_STRICT_OBJC_MSGSEND = YES;
				GCC_C_LANGUAGE_STANDARD = gnu11;
				GCC_NO_COMMON_BLOCKS = YES;
				GCC_WARN_64_TO_32_BIT_CONVERSION = YES;
				GCC_WARN_ABOUT_RETURN_TYPE = YES_ERROR;
				GCC_WARN_UNDECLARED_SELECTOR = YES;
				GCC_WARN_UNINITIALIZED_AUTOS = YES_AGGRESSIVE;
				GCC_WARN_UNUSED_FUNCTION = YES;
				GCC_WARN_UNUSED_VARIABLE = YES;
				MTL_ENABLE_DEBUG_INFO = NO;
				MTL_FAST_MATH = YES;
				SWIFT_COMPILATION_MODE = wholemodule;
				SWIFT_OPTIMIZATION_LEVEL = "-O";
			};
			name = Release;
		};
		E076B85427391D99002996F6 /* Debug */ = {
			isa = XCBuildConfiguration;
			buildSettings = {
				ASSETCATALOG_COMPILER_APPICON_NAME = AppIcon;
				ASSETCATALOG_COMPILER_GLOBAL_ACCENT_COLOR_NAME = AccentColor;
				CODE_SIGN_STYLE = Automatic;
				CURRENT_PROJECT_VERSION = 1;
				DEVELOPMENT_TEAM = 6D7X34XDMX;
				ENABLE_PREVIEWS = YES;
				EXCLUDED_ARCHS = "";
				GENERATE_INFOPLIST_FILE = YES;
				INFOPLIST_KEY_UIApplicationSceneManifest_Generation = YES;
				INFOPLIST_KEY_UIApplicationSupportsIndirectInputEvents = YES;
				INFOPLIST_KEY_UILaunchScreen_Generation = YES;
				INFOPLIST_KEY_UISupportedInterfaceOrientations_iPad = "UIInterfaceOrientationPortrait UIInterfaceOrientationPortraitUpsideDown UIInterfaceOrientationLandscapeLeft UIInterfaceOrientationLandscapeRight";
				INFOPLIST_KEY_UISupportedInterfaceOrientations_iPhone = "UIInterfaceOrientationPortrait UIInterfaceOrientationLandscapeLeft UIInterfaceOrientationLandscapeRight";
				IPHONEOS_DEPLOYMENT_TARGET = 14.0;
				LD_RUNPATH_SEARCH_PATHS = (
					"$(inherited)",
					"@executable_path/Frameworks",
				);
				MARKETING_VERSION = 1.0;
				PRODUCT_BUNDLE_IDENTIFIER = com.viral7chauhan.LoginCleanArchitecture1;
				PRODUCT_NAME = LoginCleanArchitecture;
				SDKROOT = iphoneos;
				SWIFT_EMIT_LOC_STRINGS = YES;
				SWIFT_VERSION = 5.0;
				TARGETED_DEVICE_FAMILY = "1,2";
			};
			name = Debug;
		};
		E076B85527391D99002996F6 /* Release */ = {
			isa = XCBuildConfiguration;
			buildSettings = {
				ASSETCATALOG_COMPILER_APPICON_NAME = AppIcon;
				ASSETCATALOG_COMPILER_GLOBAL_ACCENT_COLOR_NAME = AccentColor;
				CODE_SIGN_STYLE = Automatic;
				CURRENT_PROJECT_VERSION = 1;
				DEVELOPMENT_TEAM = 6D7X34XDMX;
				ENABLE_PREVIEWS = YES;
				EXCLUDED_ARCHS = "";
				GENERATE_INFOPLIST_FILE = YES;
				INFOPLIST_KEY_UIApplicationSceneManifest_Generation = YES;
				INFOPLIST_KEY_UIApplicationSupportsIndirectInputEvents = YES;
				INFOPLIST_KEY_UILaunchScreen_Generation = YES;
				INFOPLIST_KEY_UISupportedInterfaceOrientations_iPad = "UIInterfaceOrientationPortrait UIInterfaceOrientationPortraitUpsideDown UIInterfaceOrientationLandscapeLeft UIInterfaceOrientationLandscapeRight";
				INFOPLIST_KEY_UISupportedInterfaceOrientations_iPhone = "UIInterfaceOrientationPortrait UIInterfaceOrientationLandscapeLeft UIInterfaceOrientationLandscapeRight";
				IPHONEOS_DEPLOYMENT_TARGET = 14.0;
				LD_RUNPATH_SEARCH_PATHS = (
					"$(inherited)",
					"@executable_path/Frameworks",
				);
				MARKETING_VERSION = 1.0;
				PRODUCT_BUNDLE_IDENTIFIER = com.viral7chauhan.LoginCleanArchitecture1;
				PRODUCT_NAME = LoginCleanArchitecture;
				SDKROOT = iphoneos;
				SWIFT_EMIT_LOC_STRINGS = YES;
				SWIFT_VERSION = 5.0;
				TARGETED_DEVICE_FAMILY = "1,2";
				VALIDATE_PRODUCT = YES;
			};
			name = Release;
		};
		E076B85727391D99002996F6 /* Debug */ = {
			isa = XCBuildConfiguration;
			buildSettings = {
				ASSETCATALOG_COMPILER_APPICON_NAME = AppIcon;
				ASSETCATALOG_COMPILER_GLOBAL_ACCENT_COLOR_NAME = AccentColor;
				CODE_SIGN_ENTITLEMENTS = macOS/macOS.entitlements;
				CODE_SIGN_STYLE = Automatic;
				COMBINE_HIDPI_IMAGES = YES;
				CURRENT_PROJECT_VERSION = 1;
				DEVELOPMENT_TEAM = MKUKJJ4UYW;
				ENABLE_HARDENED_RUNTIME = YES;
				ENABLE_PREVIEWS = YES;
				GENERATE_INFOPLIST_FILE = YES;
				INFOPLIST_KEY_NSHumanReadableCopyright = "";
				LD_RUNPATH_SEARCH_PATHS = (
					"$(inherited)",
					"@executable_path/../Frameworks",
				);
				MACOSX_DEPLOYMENT_TARGET = 11.0;
				MARKETING_VERSION = 1.0;
				PRODUCT_BUNDLE_IDENTIFIER = com.viral7chauhan.LoginCleanArchitecture;
				PRODUCT_NAME = LoginCleanArchitecture;
				SDKROOT = macosx;
				SWIFT_EMIT_LOC_STRINGS = YES;
				SWIFT_VERSION = 5.0;
			};
			name = Debug;
		};
		E076B85827391D99002996F6 /* Release */ = {
			isa = XCBuildConfiguration;
			buildSettings = {
				ASSETCATALOG_COMPILER_APPICON_NAME = AppIcon;
				ASSETCATALOG_COMPILER_GLOBAL_ACCENT_COLOR_NAME = AccentColor;
				CODE_SIGN_ENTITLEMENTS = macOS/macOS.entitlements;
				CODE_SIGN_STYLE = Automatic;
				COMBINE_HIDPI_IMAGES = YES;
				CURRENT_PROJECT_VERSION = 1;
				DEVELOPMENT_TEAM = MKUKJJ4UYW;
				ENABLE_HARDENED_RUNTIME = YES;
				ENABLE_PREVIEWS = YES;
				GENERATE_INFOPLIST_FILE = YES;
				INFOPLIST_KEY_NSHumanReadableCopyright = "";
				LD_RUNPATH_SEARCH_PATHS = (
					"$(inherited)",
					"@executable_path/../Frameworks",
				);
				MACOSX_DEPLOYMENT_TARGET = 11.0;
				MARKETING_VERSION = 1.0;
				PRODUCT_BUNDLE_IDENTIFIER = com.viral7chauhan.LoginCleanArchitecture;
				PRODUCT_NAME = LoginCleanArchitecture;
				SDKROOT = macosx;
				SWIFT_EMIT_LOC_STRINGS = YES;
				SWIFT_VERSION = 5.0;
			};
			name = Release;
		};
		E076B85A27391D99002996F6 /* Debug */ = {
			isa = XCBuildConfiguration;
			buildSettings = {
				ALWAYS_EMBED_SWIFT_STANDARD_LIBRARIES = YES;
				CODE_SIGN_STYLE = Automatic;
				CURRENT_PROJECT_VERSION = 1;
				DEVELOPMENT_TEAM = MKUKJJ4UYW;
				EXCLUDED_ARCHS = "";
				GENERATE_INFOPLIST_FILE = YES;
				IPHONEOS_DEPLOYMENT_TARGET = 15.0;
				LD_RUNPATH_SEARCH_PATHS = (
					"$(inherited)",
					"@executable_path/Frameworks",
					"@loader_path/Frameworks",
				);
				MARKETING_VERSION = 1.0;
				PRODUCT_BUNDLE_IDENTIFIER = "com.viral7chauhan.Tests-iOS";
				PRODUCT_NAME = "$(TARGET_NAME)";
				SDKROOT = iphoneos;
				SWIFT_EMIT_LOC_STRINGS = NO;
				SWIFT_VERSION = 5.0;
				TARGETED_DEVICE_FAMILY = "1,2";
				TEST_TARGET_NAME = "LoginCleanArchitecture (iOS)";
			};
			name = Debug;
		};
		E076B85B27391D99002996F6 /* Release */ = {
			isa = XCBuildConfiguration;
			buildSettings = {
				ALWAYS_EMBED_SWIFT_STANDARD_LIBRARIES = YES;
				CODE_SIGN_STYLE = Automatic;
				CURRENT_PROJECT_VERSION = 1;
				DEVELOPMENT_TEAM = MKUKJJ4UYW;
				EXCLUDED_ARCHS = "";
				GENERATE_INFOPLIST_FILE = YES;
				IPHONEOS_DEPLOYMENT_TARGET = 15.0;
				LD_RUNPATH_SEARCH_PATHS = (
					"$(inherited)",
					"@executable_path/Frameworks",
					"@loader_path/Frameworks",
				);
				MARKETING_VERSION = 1.0;
				PRODUCT_BUNDLE_IDENTIFIER = "com.viral7chauhan.Tests-iOS";
				PRODUCT_NAME = "$(TARGET_NAME)";
				SDKROOT = iphoneos;
				SWIFT_EMIT_LOC_STRINGS = NO;
				SWIFT_VERSION = 5.0;
				TARGETED_DEVICE_FAMILY = "1,2";
				TEST_TARGET_NAME = "LoginCleanArchitecture (iOS)";
				VALIDATE_PRODUCT = YES;
			};
			name = Release;
		};
/* End XCBuildConfiguration section */

/* Begin XCConfigurationList section */
		E076B82127391D98002996F6 /* Build configuration list for PBXProject "LoginCleanArchitecture" */ = {
			isa = XCConfigurationList;
			buildConfigurations = (
				E076B85127391D99002996F6 /* Debug */,
				E076B85227391D99002996F6 /* Release */,
			);
			defaultConfigurationIsVisible = 0;
			defaultConfigurationName = Release;
		};
		E076B85327391D99002996F6 /* Build configuration list for PBXNativeTarget "LoginCleanArchitecture (iOS)" */ = {
			isa = XCConfigurationList;
			buildConfigurations = (
				E076B85427391D99002996F6 /* Debug */,
				E076B85527391D99002996F6 /* Release */,
			);
			defaultConfigurationIsVisible = 0;
			defaultConfigurationName = Release;
		};
		E076B85627391D99002996F6 /* Build configuration list for PBXNativeTarget "LoginCleanArchitecture (macOS)" */ = {
			isa = XCConfigurationList;
			buildConfigurations = (
				E076B85727391D99002996F6 /* Debug */,
				E076B85827391D99002996F6 /* Release */,
			);
			defaultConfigurationIsVisible = 0;
			defaultConfigurationName = Release;
		};
		E076B85927391D99002996F6 /* Build configuration list for PBXNativeTarget "Tests iOS" */ = {
			isa = XCConfigurationList;
			buildConfigurations = (
				E076B85A27391D99002996F6 /* Debug */,
				E076B85B27391D99002996F6 /* Release */,
			);
			defaultConfigurationIsVisible = 0;
			defaultConfigurationName = Release;
		};
/* End XCConfigurationList section */
	};
	rootObject = E076B81E27391D98002996F6 /* Project object */;
}
